
Microsoft Visual Studio Solution File, Format Version 12.00
# Visual Studio Version 16
VisualStudioVersion = 16.0.31402.337
MinimumVisualStudioVersion = 10.0.40219.1
Project("{8BC9CEB8-8B4A-11D0-8D11-00A0C91BC942}") = "hellowTriangle", "hellowTriangle\hellowTriangle.vcxproj", "{6617FAC7-286E-4F19-B3BB-1A57E82CD4A3}"
EndProject
Project("{8BC9CEB8-8B4A-11D0-8D11-00A0C91BC942}") = "shaders", "shaders\shaders.vcxproj", "{BCE95D3B-BFEF-4E83-B9ED-E4D4C6B1EF0A}"
EndProject
Project("{8BC9CEB8-8B4A-11D0-8D11-00A0C91BC942}") = "textures", "textures\textures.vcxproj", "{011A8973-7678-437C-B4AE-A2D37CC48EA7}"
EndProject
Global
	GlobalSection(SolutionConfigurationPlatforms) = preSolution
		Debug|x64 = Debug|x64
		Debug|x86 = Debug|x86
		Release|x64 = Release|x64
		Release|x86 = Release|x86
	EndGlobalSection
	GlobalSection(ProjectConfigurationPlatforms) = postSolution
		{6617FAC7-286E-4F19-B3BB-1A57E82CD4A3}.Debug|x64.ActiveCfg = Debug|x64
		{6617FAC7-286E-4F19-B3BB-1A57E82CD4A3}.Debug|x64.Build.0 = Debug|x64
		{6617FAC7-286E-4F19-B3BB-1A57E82CD4A3}.Debug|x86.ActiveCfg = Debug|Win32
		{6617FAC7-286E-4F19-B3BB-1A57E82CD4A3}.Debug|x86.Build.0 = Debug|Win32
		{6617FAC7-286E-4F19-B3BB-1A57E82CD4A3}.Release|x64.ActiveCfg = Release|x64
		{6617FAC7-286E-4F19-B3BB-1A57E82CD4A3}.Release|x64.Build.0 = Release|x64
		{6617FAC7-286E-4F19-B3BB-1A57E82CD4A3}.Release|x86.ActiveCfg = Release|Win32
		{6617FAC7-286E-4F19-B3BB-1A57E82CD4A3}.Release|x86.Build.0 = Release|Win32
		{BCE95D3B-BFEF-4E83-B9ED-E4D4C6B1EF0A}.Debug|x64.ActiveCfg = Debug|x64
		{BCE95D3B-BFEF-4E83-B9ED-E4D4C6B1EF0A}.Debug|x64.Build.0 = Debug|x64
		{BCE95D3B-BFEF-4E83-B9ED-E4D4C6B1EF0A}.Debug|x86.ActiveCfg = Debug|Win32
		{BCE95D3B-BFEF-4E83-B9ED-E4D4C6B1EF0A}.Debug|x86.Build.0 = Debug|Win32
		{BCE95D3B-BFEF-4E83-B9ED-E4D4C6B1EF0A}.Release|x64.ActiveCfg = Release|x64
		{BCE95D3B-BFEF-4E83-B9ED-E4D4C6B1EF0A}.Release|x64.Build.0 = Release|x64
		{BCE95D3B-BFEF-4E83-B9ED-E4D4C6B1EF0A}.Release|x86.ActiveCfg = Release|Win32
		{BCE95D3B-BFEF-4E83-B9ED-E4D4C6B1EF0A}.Release|x86.Build.0 = Release|Win32
		{011A8973-7678-437C-B4AE-A2D37CC48EA7}.Debug|x64.ActiveCfg = Debug|x64
		{011A8973-7678-437C-B4AE-A2D37CC48EA7}.Debug|x64.Build.0 = Debug|x64
		{011A8973-7678-437C-B4AE-A2D37CC48EA7}.Debug|x86.ActiveCfg = Debug|Win32
		{011A8973-7678-437C-B4AE-A2D37CC48EA7}.Debug|x86.Build.0 = Debug|Win32
		{011A8973-7678-437C-B4AE-A2D37CC48EA7}.Release|x64.ActiveCfg = Release|x64
		{011A8973-7678-437C-B4AE-A2D37CC48EA7}.Release|x64.Build.0 = Release|x64
		{011A8973-7678-437C-B4AE-A2D37CC48EA7}.Release|x86.ActiveCfg = Release|Win32
		{011A8973-7678-437C-B4AE-A2D37CC48EA7}.Release|x86.Build.0 = Release|Win32
	EndGlobalSection
	GlobalSection(SolutionProperties) = preSolution
		HideSolutionNode = FALSE
	EndGlobalSection
	GlobalSection(ExtensibilityGlobals) = postSolution
		SolutionGuid = {CBBEE15D-6D54-4C47-867A-51DF04763E7E}
	EndGlobalSection
EndGlobal
